
Microsoft Visual Studio Solution File, Format Version 12.00
# Visual Studio Version 17
VisualStudioVersion = 17.9.34622.214
MinimumVisualStudioVersion = 10.0.40219.1
Project("{9A19103F-16F7-4668-BE54-9A1E7A4F7556}") = "Library.API", "Library.API.csproj", "{7339B28C-EAEB-4B59-BDB1-BED3A334FEC6}"
EndProject
Project("{FAE04EC0-301F-11D3-BF4B-00C04F79EFBC}") = "Library.TEST", "..\Library.TEST\Library.TEST.csproj", "{38970FE3-1439-4156-8CF3-13AA3A969F58}"
EndProject
Global
	GlobalSection(SolutionConfigurationPlatforms) = preSolution
		Debug|Any CPU = Debug|Any CPU
		Release|Any CPU = Release|Any CPU
	EndGlobalSection
	GlobalSection(ProjectConfigurationPlatforms) = postSolution
		{7339B28C-EAEB-4B59-BDB1-BED3A334FEC6}.Debug|Any CPU.ActiveCfg = Debug|Any CPU
		{7339B28C-EAEB-4B59-BDB1-BED3A334FEC6}.Debug|Any CPU.Build.0 = Debug|Any CPU
		{7339B28C-EAEB-4B59-BDB1-BED3A334FEC6}.Release|Any CPU.ActiveCfg = Release|Any CPU
		{7339B28C-EAEB-4B59-BDB1-BED3A334FEC6}.Release|Any CPU.Build.0 = Release|Any CPU
		{38970FE3-1439-4156-8CF3-13AA3A969F58}.Debug|Any CPU.ActiveCfg = Debug|Any CPU
		{38970FE3-1439-4156-8CF3-13AA3A969F58}.Debug|Any CPU.Build.0 = Debug|Any CPU
		{38970FE3-1439-4156-8CF3-13AA3A969F58}.Release|Any CPU.ActiveCfg = Release|Any CPU
		{38970FE3-1439-4156-8CF3-13AA3A969F58}.Release|Any CPU.Build.0 = Release|Any CPU
	EndGlobalSection
	GlobalSection(SolutionProperties) = preSolution
		HideSolutionNode = FALSE
	EndGlobalSection
	GlobalSection(ExtensibilityGlobals) = postSolution
		SolutionGuid = {497F1475-EB30-429C-B5FA-C396799BE876}
	EndGlobalSection
EndGlobal
